
Microsoft Visual Studio Solution File, Format Version 12.00
# Visual Studio 15
VisualStudioVersion = 15.0.26206.0
MinimumVisualStudioVersion = 10.0.40219.1
Project("{FAE04EC0-301F-11D3-BF4B-00C04F79EFBC}") = "ProjetoExemplo01", "ProjetoExemplo01\ProjetoExemplo01.csproj", "{C3992DA1-352D-4DA0-BD86-A101171A4A50}"
EndProject
Project("{FAE04EC0-301F-11D3-BF4B-00C04F79EFBC}") = "ProjetoExemplo01.Tests", "ProjetoExemplo01.Tests\ProjetoExemplo01.Tests.csproj", "{6785D08E-6391-4C5F-A45C-C49539506499}"
EndProject
Global
	GlobalSection(SolutionConfigurationPlatforms) = preSolution
		Debug|Any CPU = Debug|Any CPU
		Release|Any CPU = Release|Any CPU
	EndGlobalSection
	GlobalSection(ProjectConfigurationPlatforms) = postSolution
		{C3992DA1-352D-4DA0-BD86-A101171A4A50}.Debug|Any CPU.ActiveCfg = Debug|Any CPU
		{C3992DA1-352D-4DA0-BD86-A101171A4A50}.Debug|Any CPU.Build.0 = Debug|Any CPU
		{C3992DA1-352D-4DA0-BD86-A101171A4A50}.Release|Any CPU.ActiveCfg = Release|Any CPU
		{C3992DA1-352D-4DA0-BD86-A101171A4A50}.Release|Any CPU.Build.0 = Release|Any CPU
		{6785D08E-6391-4C5F-A45C-C49539506499}.Debug|Any CPU.ActiveCfg = Debug|Any CPU
		{6785D08E-6391-4C5F-A45C-C49539506499}.Debug|Any CPU.Build.0 = Debug|Any CPU
		{6785D08E-6391-4C5F-A45C-C49539506499}.Release|Any CPU.ActiveCfg = Release|Any CPU
		{6785D08E-6391-4C5F-A45C-C49539506499}.Release|Any CPU.Build.0 = Release|Any CPU
	EndGlobalSection
	GlobalSection(SolutionProperties) = preSolution
		HideSolutionNode = FALSE
	EndGlobalSection
EndGlobal
